github.com/nickwells/check.mod/v2 v2.1.11 h1:9VlqBkdHkG0F1QXGV6JElqDAv8ot+nSDkYw0Pd8PODI=
github.com/nickwells/check.mod/v2 v2.1.11/go.mod h1:pwtOk9ZXwbRbGwXe919tmsoeNf1k+guaICV5EWyENU8=
github.com/nickwells/cli.mod v1.1.0 h1:aOhVknXJqt6yOo2iUie1K4bLt+Klh5CFY1O+ddjIWY0=
github.com/nickwells/cli.mod v1.1.0/go.mod h1:8gIopNGsfpCudbFB6h8UmRuL/ZOqCpkvjKunD8Chtis=
github.com/nickwells/col.mod/v3 v3.0.15 h1:q9q/uirG/A/xNR7vai0Vxa9sqLKeHJg54OEPbh3/CUE=
github.com/nickwells/col.mod/v3 v3.0.15/go.mod h1:a+cDAOUeVino2G6rKywv2xRfH3I2o3jkyzi7eXnl37w=
github.com/nickwells/dirsearch.mod/v2 v2.0.11 h1:mmbBH7Z7UZdZxG34zVzQvmxtmpJqlPhxJwj0AnNMRgI=
github.com/nickwells/dirsearch.mod/v2 v2.0.11/go.mod h1:rcqviozH+D9Am/u83aJS4sr9QB3L6DZ6oQaQWksR7Ao=
github.com/nickwells/english.mod v1.1.4 h1:gY8B1DxHgoluXesTKLQ6m3fcmcWnyVq3oyWswozKlmw=
github.com/nickwells/english.mod v1.1.4/go.mod h1:IyeQavDOac+BqnX85asYOUqSzVkCBWg2IDACIs5iQ0M=
github.com/nickwells/errutil.mod v1.2.12 h1:fUnPebihRTdxm8Lalvd0niKDMT0loM+sgW+jtFp4dgM=
github.com/nickwells/errutil.mod v1.2.12/go.mod h1:Yct4Ik0CHDtTyBvTzIxUBYvfRzzlV+FuBk7nbVrFx18=
github.com/nickwells/filecheck.mod v1.1.21 h1:UvPC5DkcKhyRO/9c3pDAORqSnU/ozwuuDmUZE3rhUr4=
github.com/nickwells/filecheck.mod v1.1.21/go.mod h1:/gC9uGnU0QQ4UPRDoaLjgJXbzBjy/ybAXpmGqJmu8F8=
github.com/nickwells/fileparse.mod v1.1.30 h1:7GyIatgql6L+S8PtPrylOYdlHSLO4alNq+o4gCFanuM=
github.com/nickwells/fileparse.mod v1.1.30/go.mod h1:4uf8KVgogeCewZfZhIsL7QbNm1E5AfzKklhq9FG+Xtk=
github.com/nickwells/gogen.mod v1.11.13 h1:NqxkAMJg2s3+Bc9SWlRdiPJxG+ThoVGgAHXC8z18UE4=
github.com/nickwells/gogen.mod v1.11.13/go.mod h1:RV8F7vtzV1NtYmY8GZCWvKgksfhupLeM9zFOPABdB/g=
github.com/nickwells/location.mod v1.2.26 h1:kVAXk5yLHaV8qr7RiXyDajegkwc4Ut058WGeZzt4M0E=
github.com/nickwells/location.mod v1.2.26/go.mod h1:xTVSElKdpLGvrAZVD5zCukwe2eAKXQlmYSBJr7MlCOA=
github.com/nickwells/mathutil.mod/v2 v2.2.1 h1:mMZz1JjsUsq0Ctds4Qa/bbfDFh0pjoeI01ZUXL/Fms8=
github.com/nickwells/mathutil.mod/v2 v2.2.1/go.mod h1:7boYOp2rBhN5owQS8QIHC1e1e+Ye8EGvmWiGN5X1Vss=
github.com/nickwells/pager.mod v1.0.11 h1:actfWhNh1TPtRpMPwJcRvYeuL2iRd+JQ44l+4KKsoJg=
github.com/nickwells/pager.mod v1.0.11/go.mod h1:rRmwJHKd/xaSpi/xqJv7P7IJUtFeoJ9s/8yoJ+mh+tM=
github.com/nickwells/param.mod/v5 v5.19.3 h1:AZgj+SeIYMyRHVnSV/hVmhn1OMBQhjLE/tj90gob+k8=
github.com/nickwells/param.mod/v5 v5.19.3/go.mod h1:fNEQ++/yikOEev1bCj7MUA1bCkn/+ftxukTvT3QcRU8=
github.com/nickwells/snippet.mod v1.2.6 h1:UKVFHukv+Z7NFSNVngK4ql5o+Egsp15FnCdxcKtSIG0=
github.com/nickwells/snippet.mod v1.2.6/go.mod h1:o0KZt+UP+XvFiOd1tpSdd6kI2T/xqKLQ0QS0N8V5RXQ=
github.com/nickwells/strdist.mod v1.1.11 h1:pD5g6sHEyLR/89MYjYRAc6cXHZ4f7INqSkahXbzSnNE=
github.com/nickwells/strdist.mod v1.1.11/go.mod h1:iGZOBFjm6NWa86LVX0jodI89n/fQvPBYrFghfvZ1zHs=
github.com/nickwells/tempus.mod v1.0.3 h1:dIKRwQtxezSyf6JjnggVLMisf+MxMfBMCLnKWUIoKMk=
github.com/nickwells/tempus.mod v1.0.3/go.mod h1:lkzeLzAfGHHiouSudb2R12MiRT5N2BCHWdFJCC+sfE0=
github.com/nickwells/testhelper.mod/v2 v2.2.0 h1:ERFE5p5xwigQ2WiZ5P/co+FTsZY7v3Yu/gVRqAGTbq4=
github.com/nickwells/testhelper.mod/v2 v2.2.0/go.mod h1:pdhf+XHRINEUH6a0OcwC98ETD3ZluAXKA5xOhC2I2Qk=
github.com/nickwells/timer.mod v1.2.3 h1:3FbjrdKmgzoUWSjhvajgkUEWrC364iuvkd+OXLR7oho=
github.com/nickwells/timer.mod v1.2.3/go.mod h1:se+56AyN3i8W2ME7JFi5G8D86On6U6AOjX9TTyuTlNE=
github.com/nickwells/twrap.mod v1.5.2 h1:Kk8Ri+0TI151yC+5hcwdTCMrxxa4OHGf7PILbTH2wBs=
github.com/nickwells/twrap.mod v1.5.2/go.mod h1:oobGzdKpMpBghGZ8zkrmNOheX/GPhgT1qmnKkJTfTxE=
github.com/nickwells/units.mod/v2 v2.1.10 h1:QGD+9de5yRxQDHHmU+NM53rR2AmRhM8QExxM17rwbu4=
github.com/nickwells/units.mod/v2 v2.1.10/go.mod h1:MuPkXnMb9+huMjsPC/wACTAPd6dEO17sKb340JKJXvo=
github.com/nickwells/unitsetter.mod/v4 v4.2.19 h1:bGNRn1UCTyoO7JpcB6HL1+n6KQb5Uq5okQegPk1Of78=
github.com/nickwells/unitsetter.mod/v4 v4.2.19/go.mod h1:KZRBK6q24GVicqXcyDEXkOK9HbihC/1l+1487Lvo94A=
github.com/nickwells/verbose.mod v1.0.60 h1:Aj42fiQmkcWBUpbZO8olF14o2DeQU/6kYToPaRZezvw=
github.com/nickwells/verbose.mod v1.0.60/go.mod h1:r1wD0pzUkdEnI9x8KtWNOpWvz7lZFVCtpMqJEVcvWcg=
github.com/nickwells/versionparams.mod v1.1.17 h1:dzpBqShwQIY6xQOS6tBUtq65au/W1ANjoYqmNvhZF38=
github.com/nickwells/versionparams.mod v1.1.17/go.mod h1:3alUeDf0AJvqyjnKIakXC4eGMJMVbZ1bX+iQi97etn8=
github.com/nickwells/xdg.mod v1.0.9 h1:IQhytP6QBCC2xrSVXTE0GDbYJSD8E25H6sSqd7jtCHA=
github.com/nickwells/xdg.mod v1.0.9/go.mod h1:WbQC4EaiIUSCgzmgYCqGq1zhYnWDe+pBODhx8HzlStM=
golang.org/x/exp v0.0.0-20230817173708-d852ddb80c63 h1:m64FZMko/V45gv0bNmrNYoDEq8U5YUhetc9cBWKS1TQ=
golang.org/x/exp v0.0.0-20230817173708-d852ddb80c63/go.mod h1:0v4NqG35kSWCMzLaMeX+IQrlSnVE/bqGSyC2cz/9Le8=
golang.org/x/sys v0.12.0 h1:CM0HF96J0hcLAwsHPJZjfdNzs0gftsLfgKt57wWHJ0o=
golang.org/x/sys v0.12.0/go.mod h1:oPkhp1MJrh7nUepCBck5+mAzfO9JrbApNNgaTdGDITg=
golang.org/x/term v0.12.0 h1:/ZfYdc3zq+q02Rv9vGqTeSItdzZTSNDmfTi0mBAuidU=
golang.org/x/term v0.12.0/go.mod h1:owVbMEjm3cBLCHdkQu9b1opXd4ETQWc3BhuQGKgXgvU=
