github.com/nickwells/check.mod/v2 v2.1.12 h1:9FQxVo/lgy6MbsWNcfMZpb8VpJl5S6B+FKrq3RatpKc=
github.com/nickwells/check.mod/v2 v2.1.12/go.mod h1:FT5SqdOR35WKnkhzFYx7LiAsdDzMC0WT5R1EbiuFZbs=
github.com/nickwells/cli.mod v1.1.1 h1:1/0QG525DfFPVY2UBw2GThStQ6/g62MnvhjXHLbo7AA=
github.com/nickwells/cli.mod v1.1.1/go.mod h1:2AW5DggLGktPky+Dtn2384wYWGu3miFnidVz4aAUlwo=
github.com/nickwells/col.mod/v3 v3.0.16 h1:cGvrwETDI8fuautRnp/xk+6yv6hglQDLWb1jqrrVuaI=
github.com/nickwells/col.mod/v3 v3.0.16/go.mod h1:FSgqgKSXj4hTE0nz45NsmC5Txv/qFZEOn8sPWRPH8Lo=
github.com/nickwells/dirsearch.mod/v2 v2.0.12 h1:Qvg0aCaGeN4wBWD9rH60kOT/L1Sp6jPKj7Zs5cFMu3k=
github.com/nickwells/dirsearch.mod/v2 v2.0.12/go.mod h1:lghDh2tT5eFM8jPeUugtCuTBvdR2I2dnkwHU+bpgxhg=
github.com/nickwells/english.mod v1.1.5 h1:OFmYaQ83fguWAJs3mFUcUYKILKYE4qJRiNDNnuXwp4s=
github.com/nickwells/english.mod v1.1.5/go.mod h1:CEoMsqNbwx3J9NpMm94O1x1OW266Tj7osHmwJkQ4y/4=
github.com/nickwells/errutil.mod v1.2.13 h1:UBNfUSlj11VwcUBlL8ahLWbApYQjLYLVMTX+vMwnreI=
github.com/nickwells/errutil.mod v1.2.13/go.mod h1:S/+lNntvmCXkz/e/KLlVFzSpSJtHV80RjD0frGm2+Dc=
github.com/nickwells/filecheck.mod v1.1.22 h1:B3YkQRutvUlEKpEf446+xLXCyuXUcoOEBJVm2RAKRhs=
github.com/nickwells/filecheck.mod v1.1.22/go.mod h1:/TRKuVWxST/HUfvKsk0DsDbI18pzOW3UwtKzoLpistM=
github.com/nickwells/fileparse.mod v1.1.31 h1:EDmrQm9U8JjvXEvVEwykCD2YYH0O+vO6dEHvTZXVaDE=
github.com/nickwells/fileparse.mod v1.1.31/go.mod h1:pCITEjDUSBIV4EjOOQs+BbFPBydb7/VaFWIDlnZBiAU=
github.com/nickwells/gogen.mod v1.11.14 h1:pPByr5uOhnpvFdH+xc5Cs2YeQFmy4d+FqQMZQGJqxPg=
github.com/nickwells/gogen.mod v1.11.14/go.mod h1:ZlAu25qDbFHLQTma697X4aq386ZZfCm1ouJB8wn7MTQ=
github.com/nickwells/location.mod v1.2.27 h1:1qIQ+BHWf/rvk9xjjqVMfDuGP7IcVQP3B8X6vZd/chA=
github.com/nickwells/location.mod v1.2.27/go.mod h1:S2z20WA364GNWxcXtfetEyjaO5pPJXGZAyCn+CjjvLw=
github.com/nickwells/mathutil.mod/v2 v2.2.2 h1:oqqj/BQpO+nCvhoCc60Eh1ujC/jw/9g8g075riKA5z8=
github.com/nickwells/mathutil.mod/v2 v2.2.2/go.mod h1:iMemGHs0c19VuPxoe2lu86p06BXBJAPGpUFQ2QABHDM=
github.com/nickwells/pager.mod v1.0.11 h1:actfWhNh1TPtRpMPwJcRvYeuL2iRd+JQ44l+4KKsoJg=
github.com/nickwells/pager.mod v1.0.11/go.mod h1:rRmwJHKd/xaSpi/xqJv7P7IJUtFeoJ9s/8yoJ+mh+tM=
github.com/nickwells/param.mod/v6 v6.0.0 h1:OT9ULvQvOBWiDPqL9CT91degH++fN2DP8yzJ+3niFrg=
github.com/nickwells/param.mod/v6 v6.0.0/go.mod h1:bXBjFHSl8ftFh1vBn+5GfLGuwMeATxHWCjBpvJ36E3I=
github.com/nickwells/snippet.mod v1.2.7 h1:l+Ld6BSDJ+Csnuc6gzyQWk5cmxOswdvupaoN/P9zx7M=
github.com/nickwells/snippet.mod v1.2.7/go.mod h1:1XuYAS2RJQOsO1+B1LoCnQbCzdANo4Etp1LncusRmiY=
github.com/nickwells/strdist.mod v1.1.12 h1:rjLxx/kn5zOGqlTewgsoYT9BozRDmd/q78FJfPOEit8=
github.com/nickwells/strdist.mod v1.1.12/go.mod h1:vQOT6UpXaDxKvC+23jnPqIOJPs56ULmnlLpOyPGQhWk=
github.com/nickwells/tempus.mod v1.0.4 h1:TMWs0vRQhggno4I/24exiZawp5cpkFYlSgaBevS5LdI=
github.com/nickwells/tempus.mod v1.0.4/go.mod h1:VctUXXkCvq3urkA02ZhmqfkmjQs3kpCLZc5byuymB00=
github.com/nickwells/testhelper.mod/v2 v2.3.0 h1:b/EpnHiYr8dnr6C0a6zW2KAyHgfQ72pVw3cNklSzwxs=
github.com/nickwells/testhelper.mod/v2 v2.3.0/go.mod h1:pdhf+XHRINEUH6a0OcwC98ETD3ZluAXKA5xOhC2I2Qk=
github.com/nickwells/timer.mod v1.2.3 h1:3FbjrdKmgzoUWSjhvajgkUEWrC364iuvkd+OXLR7oho=
github.com/nickwells/timer.mod v1.2.3/go.mod h1:se+56AyN3i8W2ME7JFi5G8D86On6U6AOjX9TTyuTlNE=
github.com/nickwells/twrap.mod v1.5.3 h1:o4/lq3a+j9x4wWrQvL+tyqSqY8UzEim9KifpJVNZRhw=
github.com/nickwells/twrap.mod v1.5.3/go.mod h1:QXD5/m5Qk7s2+skUjtRmhZTEIJoa+CmBnpvYm92gU5c=
github.com/nickwells/units.mod/v2 v2.1.11 h1:WPmTuVYW8ibLXEDOtV15w08WKypBmJx0RyRmuktv+mc=
github.com/nickwells/units.mod/v2 v2.1.11/go.mod h1:90UhGBo1W3vjNPvjIqUM0DQRww61JVAmuWzEPNWZjqI=
github.com/nickwells/unitsetter.mod/v4 v4.2.20 h1:o0f4DS9F19gQtKGimiJdYyig9BjZ/OMpVa7IXz3RZ7s=
github.com/nickwells/unitsetter.mod/v4 v4.2.20/go.mod h1:Uj8U86jZ7Qpw7DOsHwzu6Gjk+fhT9fGGXgQMfeFgAHo=
github.com/nickwells/verbose.mod v1.0.61 h1:ZfoI0qwN3uEmCFba2s/LEeLJ/vr3uxrF+I6rn6udylw=
github.com/nickwells/verbose.mod v1.0.61/go.mod h1:leSC35PNim3+ULToUMwAvuwCMlfsmByAxrXLqn7zyJQ=
github.com/nickwells/versionparams.mod v1.2.0 h1:kzld+VuhYSSkAo0gFc/n104Zb0njDQdYR/SuFT0zouE=
github.com/nickwells/versionparams.mod v1.2.0/go.mod h1:k9wGv0p8iyq0PxzRsIV/Z9zEfYXvZUDcbI8f617UZYE=
github.com/nickwells/xdg.mod v1.0.9 h1:IQhytP6QBCC2xrSVXTE0GDbYJSD8E25H6sSqd7jtCHA=
github.com/nickwells/xdg.mod v1.0.9/go.mod h1:WbQC4EaiIUSCgzmgYCqGq1zhYnWDe+pBODhx8HzlStM=
golang.org/x/exp v0.0.0-20230905200255-921286631fa9 h1:GoHiUyI/Tp2nVkLI2mCxVkOjsbSXD66ic0XW0js0R9g=
golang.org/x/exp v0.0.0-20230905200255-921286631fa9/go.mod h1:S2oDrQGGwySpoQPVqRShND87VCbxmc6bL1Yd2oYrm6k=
golang.org/x/sys v0.12.0 h1:CM0HF96J0hcLAwsHPJZjfdNzs0gftsLfgKt57wWHJ0o=
golang.org/x/sys v0.12.0/go.mod h1:oPkhp1MJrh7nUepCBck5+mAzfO9JrbApNNgaTdGDITg=
golang.org/x/term v0.12.0 h1:/ZfYdc3zq+q02Rv9vGqTeSItdzZTSNDmfTi0mBAuidU=
golang.org/x/term v0.12.0/go.mod h1:owVbMEjm3cBLCHdkQu9b1opXd4ETQWc3BhuQGKgXgvU=
