github.com/nickwells/check.mod v1.6.3 h1:rSB9qLz3DPTO3mMSOXbAUV3sd+7yg1B2Bg7l61Npkyc=
github.com/nickwells/check.mod v1.6.3/go.mod h1:nKViNCiokqcWXoYXYZeIHE/mY4dcyWMn4oS/gHnhmy8=
github.com/nickwells/cli.mod v1.0.6 h1:103nchJT2DWnHD3ELbJUkfBFyxWVAT9hY1IxYptdg9w=
github.com/nickwells/cli.mod v1.0.6/go.mod h1:bZr82cvgtHLE8xTpCQW50hbEVKK40nOiGW9avryzRIY=
github.com/nickwells/col.mod/v2 v2.1.4 h1:7WSc5HKReIap5s2aTUrgDLFCR0TjIvuCL4nS85Yj7FE=
github.com/nickwells/col.mod/v2 v2.1.4/go.mod h1:a4jCDYrvU8ZV/MvvczNvIPjodJXlLX8EqnIPsbbCppE=
github.com/nickwells/dirsearch.mod v1.0.18 h1:oUa5qzikMBMovclhxcPYoEiF9/j6YzqOWRT1yi8n4cA=
github.com/nickwells/dirsearch.mod v1.0.18/go.mod h1:yFMk8MYFxlFbs0Qh3GUUzYSMlTk8lz385tf3QLXXysY=
github.com/nickwells/english.mod v1.0.2 h1:Q0qh7QFq1nsXpCv8dtNgq5UJnJYiEI4bw0ND0c7Wb5Y=
github.com/nickwells/english.mod v1.0.2/go.mod h1:y7EQSKSmEoqNnn95srJoYI2YPF3QQXUUGZ/wXGq4oHc=
github.com/nickwells/filecheck.mod v1.1.1 h1:aF0cEFfvCbWoBQ3K30e7x7o97QahT2YjiOjgj+F5pFs=
github.com/nickwells/filecheck.mod v1.1.1/go.mod h1:+B1e0d2Pn10gdaPuOsd8z5A0H8Ux4gTjg9QlAHZDqZY=
github.com/nickwells/fileparse.mod v1.1.11 h1:/XuvWSPEWvjEP+XuLlnIo4tNNdZkGSjVIPNxJI5JDvc=
github.com/nickwells/fileparse.mod v1.1.11/go.mod h1:ziXugq0NpWtpeRtt1wTLYB3djMSbIbMylETlYJboJZ4=
github.com/nickwells/gogen.mod v1.5.4 h1:ap1hvH3A0nzHscRhzCGocuPdoEYYILdRBYLSo0Qfc1M=
github.com/nickwells/gogen.mod v1.5.4/go.mod h1:9M/blM7EZAshq4ujqQs8ES5rPnjasr5wyijHbhLUgoQ=
github.com/nickwells/location.mod v1.2.7 h1:PLeVbT1maPtY8l2z2GbaA0+6eljFLJcYDh4OZ4mECFE=
github.com/nickwells/location.mod v1.2.7/go.mod h1:4rGKegdBCWxkO3CW1vp0D22mAw0NREzPI9riMo+yr0Y=
github.com/nickwells/mathutil.mod v1.0.9 h1:z7vVqJLbUbv7fx8vqAW0gnHNzVdnWdK0SemDvWzWZD4=
github.com/nickwells/mathutil.mod v1.0.9/go.mod h1:6hmKAS+zzc3yXlmpkO3478ZcCCaKDlFlfvkfkDMJ+rI=
github.com/nickwells/param.mod/v5 v5.0.6 h1:IV/Jo2X6LOP/4DW502b0CyT0S9sgVj8VNvVXy1Yvu40=
github.com/nickwells/param.mod/v5 v5.0.6/go.mod h1:1aZ6mCAzLUgOdDw1LTE9ASH4DsiSyoi/Cz1KCJHorUk=
github.com/nickwells/strdist.mod v1.0.12 h1:32bb55A7vQBUk9Qy4q7aNtEIcPCqBdLOcxmshUsEiqQ=
github.com/nickwells/strdist.mod v1.0.12/go.mod h1:FlwqM8fl7+hA5UFq+8YiPfWCbAILOjN6aLMjwF2Fs70=
github.com/nickwells/testhelper.mod v1.4.1 h1:bpd/G2oBzfDOY22eineHAhOMrAmZo3Q80P3gA+Wkz+c=
github.com/nickwells/testhelper.mod v1.4.1/go.mod h1:Ct/U2PjL0n9hGc+US6uR/s4NxSRI33NM+0ZkrDkG0XI=
github.com/nickwells/timer.mod v1.0.0 h1:xsyM3NVEX0rs02/QnUU17GrpkZcGGGu7UQ4R3XNiAWA=
github.com/nickwells/timer.mod v1.0.0/go.mod h1:8uu09HnBVYu/ve611NFBQ5nmg0+vBT15uMiSv7H+VjY=
github.com/nickwells/twrap.mod v1.4.0 h1:tA78lgB4VJXO1qmoeii1Q/CCKfg+4Lq/fyuxk5Rupjc=
github.com/nickwells/twrap.mod v1.4.0/go.mod h1:HhwQ4N5XcXNyNUo//o5DZZAqs1UzSmU/JEQJu9rNt6s=
github.com/nickwells/units.mod v1.2.0 h1:WsTyfi8BM5k8d2uG+q2Iv1SfRo+si9EWsTWthyzGWfI=
github.com/nickwells/units.mod v1.2.0/go.mod h1:Wk85Prw/mIASpuWY2su/jwPMh3IKVrICDF/htg3VWzg=
github.com/nickwells/unitsetter.mod/v3 v3.0.7 h1:L8/iN6zi7bSQKU58zhGr0sgUnG+CnFysFRvPLkN96fM=
github.com/nickwells/unitsetter.mod/v3 v3.0.7/go.mod h1:yZDjNIRrl1bbOJ52HZ1ijDe5LcE1laE1dOYFM41RIek=
github.com/nickwells/verbose.mod v1.0.12 h1:qBh5hqiCCmo793AdE9F2h7xDovYRqdzw7zFXpPo0Uk8=
github.com/nickwells/verbose.mod v1.0.12/go.mod h1:H30cpB+t6nKNIgUKCfmkUtPjbAKVVtZCc5Ip09Ss0Ng=
github.com/nickwells/xdg.mod v1.0.2 h1:rmQPX4dTfxTtUeoRQfkMbPCzUDwN2zP6eNwTYyBcn8w=
github.com/nickwells/xdg.mod v1.0.2/go.mod h1:h8lRJMpY6oXdD6E3jJuolpO9QJE5FcTvUe8eyRzgyQo=
golang.org/x/crypto v0.0.0-20190308221718-c2843e01d9a2/go.mod h1:djNgcEr1/C05ACkg1iLfiJU5Ep61QUkGW8qpdssI0+w=
golang.org/x/crypto v0.0.0-20200622213623-75b288015ac9 h1:psW17arqaxU48Z5kZ0CQnkZWQJsqcURM6tKiBApRjXI=
golang.org/x/crypto v0.0.0-20200622213623-75b288015ac9/go.mod h1:LzIPMQfyMNhhGPhUkYOs5KpL4U8rLKemX1yGLhDgUto=
golang.org/x/net v0.0.0-20190404232315-eb5bcb51f2a3/go.mod h1:t9HGtf8HONx5eT2rtn7q6eTqICYqUVnKs3thJo3Qplg=
golang.org/x/sys v0.0.0-20190215142949-d0b11bdaac8a/go.mod h1:STP8DvDyc/dI5b8T5hshtkjS+E42TnysNCUPdjciGhY=
golang.org/x/sys v0.0.0-20190412213103-97732733099d/go.mod h1:h1NjWce9XRLGQEsW7wpKNCjG9DtNlClVuFLEZdDNbEs=
golang.org/x/sys v0.0.0-20200625212154-ddb9806d33ae h1:Ih9Yo4hSPImZOpfGuA4bR/ORKTAbhZo2AbWNRCnevdo=
golang.org/x/sys v0.0.0-20200625212154-ddb9806d33ae/go.mod h1:h1NjWce9XRLGQEsW7wpKNCjG9DtNlClVuFLEZdDNbEs=
golang.org/x/text v0.3.0/go.mod h1:NqM8EUOU14njkJ3fqMW+pc6Ldnwhi/IjpwHt7yyuwOQ=
